// !$*UTF8*$!
{
	archiveVersion = 1;
	classes = {
	};
	objectVersion = 46;
	objects = {

/* Begin PBXBuildFile section */
		CE8C77D81CEF0B9500512173 /* iPhone5 壁紙試作.tif in Resources */ = {isa = PBXBuildFile; fileRef = CE8C77D71CEF0B9500512173 /* iPhone5 壁紙試作.tif */; };
		CEF211901CE5EA9A004049EE /* AppDelegate.swift in Sources */ = {isa = PBXBuildFile; fileRef = CEF2118F1CE5EA9A004049EE /* AppDelegate.swift */; };
		CEF211921CE5EA9A004049EE /* ViewController.swift in Sources */ = {isa = PBXBuildFile; fileRef = CEF211911CE5EA9A004049EE /* ViewController.swift */; };
		CEF211951CE5EA9A004049EE /* Main.storyboard in Resources */ = {isa = PBXBuildFile; fileRef = CEF211931CE5EA9A004049EE /* Main.storyboard */; };
		CEF211971CE5EA9A004049EE /* Assets.xcassets in Resources */ = {isa = PBXBuildFile; fileRef = CEF211961CE5EA9A004049EE /* Assets.xcassets */; };
		CEF2119A1CE5EA9A004049EE /* LaunchScreen.storyboard in Resources */ = {isa = PBXBuildFile; fileRef = CEF211981CE5EA9A004049EE /* LaunchScreen.storyboard */; };
		CEF211A51CE5EA9A004049EE /* QuizTests.swift in Sources */ = {isa = PBXBuildFile; fileRef = CEF211A41CE5EA9A004049EE /* QuizTests.swift */; };
		CEF211B01CE5EA9A004049EE /* QuizUITests.swift in Sources */ = {isa = PBXBuildFile; fileRef = CEF211AF1CE5EA9A004049EE /* QuizUITests.swift */; };
		CEF211BE1CE5EB1C004049EE /* QuizViewController.swift in Sources */ = {isa = PBXBuildFile; fileRef = CEF211BD1CE5EB1C004049EE /* QuizViewController.swift */; };
		CEF211C01CE5EB2D004049EE /* ResultViewController.swift in Sources */ = {isa = PBXBuildFile; fileRef = CEF211BF1CE5EB2D004049EE /* ResultViewController.swift */; };
		CEF211C21CE5ECDA004049EE /* heart.png in Resources */ = {isa = PBXBuildFile; fileRef = CEF211C11CE5ECDA004049EE /* heart.png */; };
		CEF211C41CE5EFA0004049EE /* hkds.png in Resources */ = {isa = PBXBuildFile; fileRef = CEF211C31CE5EFA0004049EE /* hkds.png */; };
		CEF211C61CE5F06F004049EE /* 4.gif in Resources */ = {isa = PBXBuildFile; fileRef = CEF211C51CE5F06F004049EE /* 4.gif */; };
		CEF211CA1CE5F24F004049EE /* pnk.jpeg in Resources */ = {isa = PBXBuildFile; fileRef = CEF211C91CE5F24F004049EE /* pnk.jpeg */; };
		CEF211CC1CE5F356004049EE /* ht２.png in Resources */ = {isa = PBXBuildFile; fileRef = CEF211CB1CE5F356004049EE /* ht２.png */; };
/* End PBXBuildFile section */

/* Begin PBXContainerItemProxy section */
		CEF211A11CE5EA9A004049EE /* PBXContainerItemProxy */ = {
			isa = PBXContainerItemProxy;
			containerPortal = CEF211841CE5EA9A004049EE /* Project object */;
			proxyType = 1;
			remoteGlobalIDString = CEF2118B1CE5EA9A004049EE;
			remoteInfo = Quiz;
		};
		CEF211AC1CE5EA9A004049EE /* PBXContainerItemProxy */ = {
			isa = PBXContainerItemProxy;
			containerPortal = CEF211841CE5EA9A004049EE /* Project object */;
			proxyType = 1;
			remoteGlobalIDString = CEF2118B1CE5EA9A004049EE;
			remoteInfo = Quiz;
		};
/* End PBXContainerItemProxy section */

/* Begin PBXFileReference section */
		CE8C77D71CEF0B9500512173 /* iPhone5 壁紙試作.tif */ = {isa = PBXFileReference; lastKnownFileType = image.tiff; path = "iPhone5 壁紙試作.tif"; sourceTree = "<group>"; };
		CEF2118C1CE5EA9A004049EE /* Quiz.app */ = {isa = PBXFileReference; explicitFileType = wrapper.application; includeInIndex = 0; path = Quiz.app; sourceTree = BUILT_PRODUCTS_DIR; };
		CEF2118F1CE5EA9A004049EE /* AppDelegate.swift */ = {isa = PBXFileReference; lastKnownFileType = sourcecode.swift; path = AppDelegate.swift; sourceTree = "<group>"; };
		CEF211911CE5EA9A004049EE /* ViewController.swift */ = {isa = PBXFileReference; lastKnownFileType = sourcecode.swift; path = ViewController.swift; sourceTree = "<group>"; };
		CEF211941CE5EA9A004049EE /* Base */ = {isa = PBXFileReference; lastKnownFileType = file.storyboard; name = Base; path = Base.lproj/Main.storyboard; sourceTree = "<group>"; };
		CEF211961CE5EA9A004049EE /* Assets.xcassets */ = {isa = PBXFileReference; lastKnownFileType = folder.assetcatalog; path = Assets.xcassets; sourceTree = "<group>"; };
		CEF211991CE5EA9A004049EE /* Base */ = {isa = PBXFileReference; lastKnownFileType = file.storyboard; name = Base; path = Base.lproj/LaunchScreen.storyboard; sourceTree = "<group>"; };
		CEF2119B1CE5EA9A004049EE /* Info.plist */ = {isa = PBXFileReference; lastKnownFileType = text.plist.xml; path = Info.plist; sourceTree = "<group>"; };
		CEF211A01CE5EA9A004049EE /* QuizTests.xctest */ = {isa = PBXFileReference; explicitFileType = wrapper.cfbundle; includeInIndex = 0; path = QuizTests.xctest; sourceTree = BUILT_PRODUCTS_DIR; };
		CEF211A41CE5EA9A004049EE /* QuizTests.swift */ = {isa = PBXFileReference; lastKnownFileType = sourcecode.swift; path = QuizTests.swift; sourceTree = "<group>"; };
		CEF211A61CE5EA9A004049EE /* Info.plist */ = {isa = PBXFileReference; lastKnownFileType = text.plist.xml; path = Info.plist; sourceTree = "<group>"; };
		CEF211AB1CE5EA9A004049EE /* QuizUITests.xctest */ = {isa = PBXFileReference; explicitFileType = wrapper.cfbundle; includeInIndex = 0; path = QuizUITests.xctest; sourceTree = BUILT_PRODUCTS_DIR; };
		CEF211AF1CE5EA9A004049EE /* QuizUITests.swift */ = {isa = PBXFileReference; lastKnownFileType = sourcecode.swift; path = QuizUITests.swift; sourceTree = "<group>"; };
		CEF211B11CE5EA9A004049EE /* Info.plist */ = {isa = PBXFileReference; lastKnownFileType = text.plist.xml; path = Info.plist; sourceTree = "<group>"; };
		CEF211BD1CE5EB1C004049EE /* QuizViewController.swift */ = {isa = PBXFileReference; fileEncoding = 4; lastKnownFileType = sourcecode.swift; path = QuizViewController.swift; sourceTree = "<group>"; };
		CEF211BF1CE5EB2D004049EE /* ResultViewController.swift */ = {isa = PBXFileReference; fileEncoding = 4; lastKnownFileType = sourcecode.swift; path = ResultViewController.swift; sourceTree = "<group>"; };
		CEF211C11CE5ECDA004049EE /* heart.png */ = {isa = PBXFileReference; lastKnownFileType = image.png; path = heart.png; sourceTree = "<group>"; };
		CEF211C31CE5EFA0004049EE /* hkds.png */ = {isa = PBXFileReference; lastKnownFileType = image.png; path = hkds.png; sourceTree = "<group>"; };
		CEF211C51CE5F06F004049EE /* 4.gif */ = {isa = PBXFileReference; lastKnownFileType = image.gif; path = 4.gif; sourceTree = "<group>"; };
		CEF211C91CE5F24F004049EE /* pnk.jpeg */ = {isa = PBXFileReference; lastKnownFileType = image.jpeg; path = pnk.jpeg; sourceTree = "<group>"; };
		CEF211CB1CE5F356004049EE /* ht２.png */ = {isa = PBXFileReference; lastKnownFileType = image.png; path = "ht２.png"; sourceTree = "<group>"; };
/* End PBXFileReference section */

/* Begin PBXFrameworksBuildPhase section */
		CEF211891CE5EA9A004049EE /* Frameworks */ = {
			isa = PBXFrameworksBuildPhase;
			buildActionMask = 2147483647;
			files = (
			);
			runOnlyForDeploymentPostprocessing = 0;
		};
		CEF2119D1CE5EA9A004049EE /* Frameworks */ = {
			isa = PBXFrameworksBuildPhase;
			buildActionMask = 2147483647;
			files = (
			);
			runOnlyForDeploymentPostprocessing = 0;
		};
		CEF211A81CE5EA9A004049EE /* Frameworks */ = {
			isa = PBXFrameworksBuildPhase;
			buildActionMask = 2147483647;
			files = (
			);
			runOnlyForDeploymentPostprocessing = 0;
		};
/* End PBXFrameworksBuildPhase section */

/* Begin PBXGroup section */
		CEF211831CE5EA9A004049EE = {
			isa = PBXGroup;
			children = (
				CEF211CB1CE5F356004049EE /* ht２.png */,
				CEF211C91CE5F24F004049EE /* pnk.jpeg */,
				CEF2118E1CE5EA9A004049EE /* Quiz */,
				CEF211A31CE5EA9A004049EE /* QuizTests */,
				CEF211AE1CE5EA9A004049EE /* QuizUITests */,
				CEF2118D1CE5EA9A004049EE /* Products */,
			);
			sourceTree = "<group>";
		};
		CEF2118D1CE5EA9A004049EE /* Products */ = {
			isa = PBXGroup;
			children = (
				CEF2118C1CE5EA9A004049EE /* Quiz.app */,
				CEF211A01CE5EA9A004049EE /* QuizTests.xctest */,
				CEF211AB1CE5EA9A004049EE /* QuizUITests.xctest */,
			);
			name = Products;
			sourceTree = "<group>";
		};
		CEF2118E1CE5EA9A004049EE /* Quiz */ = {
			isa = PBXGroup;
			children = (
				CEF2118F1CE5EA9A004049EE /* AppDelegate.swift */,
				CEF211911CE5EA9A004049EE /* ViewController.swift */,
				CEF211931CE5EA9A004049EE /* Main.storyboard */,
				CE8C77D71CEF0B9500512173 /* iPhone5 壁紙試作.tif */,
				CEF211C51CE5F06F004049EE /* 4.gif */,
				CEF211C31CE5EFA0004049EE /* hkds.png */,
				CEF211C11CE5ECDA004049EE /* heart.png */,
				CEF211BD1CE5EB1C004049EE /* QuizViewController.swift */,
				CEF211BF1CE5EB2D004049EE /* ResultViewController.swift */,
				CEF211961CE5EA9A004049EE /* Assets.xcassets */,
				CEF211981CE5EA9A004049EE /* LaunchScreen.storyboard */,
				CEF2119B1CE5EA9A004049EE /* Info.plist */,
			);
			path = Quiz;
			sourceTree = "<group>";
		};
		CEF211A31CE5EA9A004049EE /* QuizTests */ = {
			isa = PBXGroup;
			children = (
				CEF211A41CE5EA9A004049EE /* QuizTests.swift */,
				CEF211A61CE5EA9A004049EE /* Info.plist */,
			);
			path = QuizTests;
			sourceTree = "<group>";
		};
		CEF211AE1CE5EA9A004049EE /* QuizUITests */ = {
			isa = PBXGroup;
			children = (
				CEF211AF1CE5EA9A004049EE /* QuizUITests.swift */,
				CEF211B11CE5EA9A004049EE /* Info.plist */,
			);
			path = QuizUITests;
			sourceTree = "<group>";
		};
/* End PBXGroup section */

/* Begin PBXNativeTarget section */
		CEF2118B1CE5EA9A004049EE /* Quiz */ = {
			isa = PBXNativeTarget;
			buildConfigurationList = CEF211B41CE5EA9A004049EE /* Build configuration list for PBXNativeTarget "Quiz" */;
			buildPhases = (
				CEF211881CE5EA9A004049EE /* Sources */,
				CEF211891CE5EA9A004049EE /* Frameworks */,
				CEF2118A1CE5EA9A004049EE /* Resources */,
			);
			buildRules = (
			);
			dependencies = (
			);
			name = Quiz;
			productName = Quiz;
			productReference = CEF2118C1CE5EA9A004049EE /* Quiz.app */;
			productType = "com.apple.product-type.application";
		};
		CEF2119F1CE5EA9A004049EE /* QuizTests */ = {
			isa = PBXNativeTarget;
			buildConfigurationList = CEF211B71CE5EA9A004049EE /* Build configuration list for PBXNativeTarget "QuizTests" */;
			buildPhases = (
				CEF2119C1CE5EA9A004049EE /* Sources */,
				CEF2119D1CE5EA9A004049EE /* Frameworks */,
				CEF2119E1CE5EA9A004049EE /* Resources */,
			);
			buildRules = (
			);
			dependencies = (
				CEF211A21CE5EA9A004049EE /* PBXTargetDependency */,
			);
			name = QuizTests;
			productName = QuizTests;
			productReference = CEF211A01CE5EA9A004049EE /* QuizTests.xctest */;
			productType = "com.apple.product-type.bundle.unit-test";
		};
		CEF211AA1CE5EA9A004049EE /* QuizUITests */ = {
			isa = PBXNativeTarget;
			buildConfigurationList = CEF211BA1CE5EA9A004049EE /* Build configuration list for PBXNativeTarget "QuizUITests" */;
			buildPhases = (
				CEF211A71CE5EA9A004049EE /* Sources */,
				CEF211A81CE5EA9A004049EE /* Frameworks */,
				CEF211A91CE5EA9A004049EE /* Resources */,
			);
			buildRules = (
			);
			dependencies = (
				CEF211AD1CE5EA9A004049EE /* PBXTargetDependency */,
			);
			name = QuizUITests;
			productName = QuizUITests;
			productReference = CEF211AB1CE5EA9A004049EE /* QuizUITests.xctest */;
			productType = "com.apple.product-type.bundle.ui-testing";
		};
/* End PBXNativeTarget section */

/* Begin PBXProject section */
		CEF211841CE5EA9A004049EE /* Project object */ = {
			isa = PBXProject;
			attributes = {
				LastSwiftUpdateCheck = 0720;
				LastUpgradeCheck = 0720;
				ORGANIZATIONNAME = yunya;
				TargetAttributes = {
					CEF2118B1CE5EA9A004049EE = {
						CreatedOnToolsVersion = 7.2;
					};
					CEF2119F1CE5EA9A004049EE = {
						CreatedOnToolsVersion = 7.2;
						TestTargetID = CEF2118B1CE5EA9A004049EE;
					};
					CEF211AA1CE5EA9A004049EE = {
						CreatedOnToolsVersion = 7.2;
						TestTargetID = CEF2118B1CE5EA9A004049EE;
					};
				};
			};
			buildConfigurationList = CEF211871CE5EA9A004049EE /* Build configuration list for PBXProject "Quiz" */;
			compatibilityVersion = "Xcode 3.2";
			developmentRegion = English;
			hasScannedForEncodings = 0;
			knownRegions = (
				en,
				Base,
			);
			mainGroup = CEF211831CE5EA9A004049EE;
			productRefGroup = CEF2118D1CE5EA9A004049EE /* Products */;
			projectDirPath = "";
			projectRoot = "";
			targets = (
				CEF2118B1CE5EA9A004049EE /* Quiz */,
				CEF2119F1CE5EA9A004049EE /* QuizTests */,
				CEF211AA1CE5EA9A004049EE /* QuizUITests */,
			);
		};
/* End PBXProject section */

/* Begin PBXResourcesBuildPhase section */
		CEF2118A1CE5EA9A004049EE /* Resources */ = {
			isa = PBXResourcesBuildPhase;
			buildActionMask = 2147483647;
			files = (
				CEF211CC1CE5F356004049EE /* ht２.png in Resources */,
				CEF211C21CE5ECDA004049EE /* heart.png in Resources */,
				CEF211C41CE5EFA0004049EE /* hkds.png in Resources */,
				CEF211CA1CE5F24F004049EE /* pnk.jpeg in Resources */,
				CEF2119A1CE5EA9A004049EE /* LaunchScreen.storyboard in Resources */,
				CEF211C61CE5F06F004049EE /* 4.gif in Resources */,
				CEF211971CE5EA9A004049EE /* Assets.xcassets in Resources */,
				CEF211951CE5EA9A004049EE /* Main.storyboard in Resources */,
				CE8C77D81CEF0B9500512173 /* iPhone5 壁紙試作.tif in Resources */,
			);
			runOnlyForDeploymentPostprocessing = 0;
		};
		CEF2119E1CE5EA9A004049EE /* Resources */ = {
			isa = PBXResourcesBuildPhase;
			buildActionMask = 2147483647;
			files = (
			);
			runOnlyForDeploymentPostprocessing = 0;
		};
		CEF211A91CE5EA9A004049EE /* Resources */ = {
			isa = PBXResourcesBuildPhase;
			buildActionMask = 2147483647;
			files = (
			);
			runOnlyForDeploymentPostprocessing = 0;
		};
/* End PBXResourcesBuildPhase section */

/* Begin PBXSourcesBuildPhase section */
		CEF211881CE5EA9A004049EE /* Sources */ = {
			isa = PBXSourcesBuildPhase;
			buildActionMask = 2147483647;
			files = (
				CEF211BE1CE5EB1C004049EE /* QuizViewController.swift in Sources */,
				CEF211921CE5EA9A004049EE /* ViewController.swift in Sources */,
				CEF211901CE5EA9A004049EE /* AppDelegate.swift in Sources */,
				CEF211C01CE5EB2D004049EE /* ResultViewController.swift in Sources */,
			);
			runOnlyForDeploymentPostprocessing = 0;
		};
		CEF2119C1CE5EA9A004049EE /* Sources */ = {
			isa = PBXSourcesBuildPhase;
			buildActionMask = 2147483647;
			files = (
				CEF211A51CE5EA9A004049EE /* QuizTests.swift in Sources */,
			);
			runOnlyForDeploymentPostprocessing = 0;
		};
		CEF211A71CE5EA9A004049EE /* Sources */ = {
			isa = PBXSourcesBuildPhase;
			buildActionMask = 2147483647;
			files = (
				CEF211B01CE5EA9A004049EE /* QuizUITests.swift in Sources */,
			);
			runOnlyForDeploymentPostprocessing = 0;
		};
/* End PBXSourcesBuildPhase section */

/* Begin PBXTargetDependency section */
		CEF211A21CE5EA9A004049EE /* PBXTargetDependency */ = {
			isa = PBXTargetDependency;
			target = CEF2118B1CE5EA9A004049EE /* Quiz */;
			targetProxy = CEF211A11CE5EA9A004049EE /* PBXContainerItemProxy */;
		};
		CEF211AD1CE5EA9A004049EE /* PBXTargetDependency */ = {
			isa = PBXTargetDependency;
			target = CEF2118B1CE5EA9A004049EE /* Quiz */;
			targetProxy = CEF211AC1CE5EA9A004049EE /* PBXContainerItemProxy */;
		};
/* End PBXTargetDependency section */

/* Begin PBXVariantGroup section */
		CEF211931CE5EA9A004049EE /* Main.storyboard */ = {
			isa = PBXVariantGroup;
			children = (
				CEF211941CE5EA9A004049EE /* Base */,
			);
			name = Main.storyboard;
			sourceTree = "<group>";
		};
		CEF211981CE5EA9A004049EE /* LaunchScreen.storyboard */ = {
			isa = PBXVariantGroup;
			children = (
				CEF211991CE5EA9A004049EE /* Base */,
			);
			name = LaunchScreen.storyboard;
			sourceTree = "<group>";
		};
/* End PBXVariantGroup section */

/* Begin XCBuildConfiguration section */
		CEF211B21CE5EA9A004049EE /* Debug */ = {
			isa = XCBuildConfiguration;
			buildSettings = {
				ALWAYS_SEARCH_USER_PATHS = NO;
				CLANG_CXX_LANGUAGE_STANDARD = "gnu++0x";
				CLANG_CXX_LIBRARY = "libc++";
				CLANG_ENABLE_MODULES = YES;
				CLANG_ENABLE_OBJC_ARC = YES;
				CLANG_WARN_BOOL_CONVERSION = YES;
				CLANG_WARN_CONSTANT_CONVERSION = YES;
				CLANG_WARN_DIRECT_OBJC_ISA_USAGE = YES_ERROR;
				CLANG_WARN_EMPTY_BODY = YES;
				CLANG_WARN_ENUM_CONVERSION = YES;
				CLANG_WARN_INT_CONVERSION = YES;
				CLANG_WARN_OBJC_ROOT_CLASS = YES_ERROR;
				CLANG_WARN_UNREACHABLE_CODE = YES;
				CLANG_WARN__DUPLICATE_METHOD_MATCH = YES;
				"CODE_SIGN_IDENTITY[sdk=iphoneos*]" = "iPhone Developer";
				COPY_PHASE_STRIP = NO;
				DEBUG_INFORMATION_FORMAT = dwarf;
				ENABLE_STRICT_OBJC_MSGSEND = YES;
				ENABLE_TESTABILITY = YES;
				GCC_C_LANGUAGE_STANDARD = gnu99;
				GCC_DYNAMIC_NO_PIC = NO;
				GCC_NO_COMMON_BLOCKS = YES;
				GCC_OPTIMIZATION_LEVEL = 0;
				GCC_PREPROCESSOR_DEFINITIONS = (
					"DEBUG=1",
					"$(inherited)",
				);
				GCC_WARN_64_TO_32_BIT_CONVERSION = YES;
				GCC_WARN_ABOUT_RETURN_TYPE = YES_ERROR;
				GCC_WARN_UNDECLARED_SELECTOR = YES;
				GCC_WARN_UNINITIALIZED_AUTOS = YES_AGGRESSIVE;
				GCC_WARN_UNUSED_FUNCTION = YES;
				GCC_WARN_UNUSED_VARIABLE = YES;
				IPHONEOS_DEPLOYMENT_TARGET = 9.2;
				MTL_ENABLE_DEBUG_INFO = YES;
				ONLY_ACTIVE_ARCH = YES;
				SDKROOT = iphoneos;
				SWIFT_OPTIMIZATION_LEVEL = "-Onone";
			};
			name = Debug;
		};
		CEF211B31CE5EA9A004049EE /* Release */ = {
			isa = XCBuildConfiguration;
			buildSettings = {
				ALWAYS_SEARCH_USER_PATHS = NO;
				CLANG_CXX_LANGUAGE_STANDARD = "gnu++0x";
				CLANG_CXX_LIBRARY = "libc++";
				CLANG_ENABLE_MODULES = YES;
				CLANG_ENABLE_OBJC_ARC = YES;
				CLANG_WARN_BOOL_CONVERSION = YES;
				CLANG_WARN_CONSTANT_CONVERSION = YES;
				CLANG_WARN_DIRECT_OBJC_ISA_USAGE = YES_ERROR;
				CLANG_WARN_EMPTY_BODY = YES;
				CLANG_WARN_ENUM_CONVERSION = YES;
				CLANG_WARN_INT_CONVERSION = YES;
				CLANG_WARN_OBJC_ROOT_CLASS = YES_ERROR;
				CLANG_WARN_UNREACHABLE_CODE = YES;
				CLANG_WARN__DUPLICATE_METHOD_MATCH = YES;
				"CODE_SIGN_IDENTITY[sdk=iphoneos*]" = "iPhone Developer";
				COPY_PHASE_STRIP = NO;
				DEBUG_INFORMATION_FORMAT = "dwarf-with-dsym";
				ENABLE_NS_ASSERTIONS = NO;
				ENABLE_STRICT_OBJC_MSGSEND = YES;
				GCC_C_LANGUAGE_STANDARD = gnu99;
				GCC_NO_COMMON_BLOCKS = YES;
				GCC_WARN_64_TO_32_BIT_CONVERSION = YES;
				GCC_WARN_ABOUT_RETURN_TYPE = YES_ERROR;
				GCC_WARN_UNDECLARED_SELECTOR = YES;
				GCC_WARN_UNINITIALIZED_AUTOS = YES_AGGRESSIVE;
				GCC_WARN_UNUSED_FUNCTION = YES;
				GCC_WARN_UNUSED_VARIABLE = YES;
				IPHONEOS_DEPLOYMENT_TARGET = 9.2;
				MTL_ENABLE_DEBUG_INFO = NO;
				SDKROOT = iphoneos;
				VALIDATE_PRODUCT = YES;
			};
			name = Release;
		};
		CEF211B51CE5EA9A004049EE /* Debug */ = {
			isa = XCBuildConfiguration;
			buildSettings = {
				ASSETCATALOG_COMPILER_APPICON_NAME = AppIcon;
				INFOPLIST_FILE = Quiz/Info.plist;
				LD_RUNPATH_SEARCH_PATHS = "$(inherited) @executable_path/Frameworks";
				PRODUCT_BUNDLE_IDENTIFIER = com.litech.Quiz;
				PRODUCT_NAME = "$(TARGET_NAME)";
			};
			name = Debug;
		};
		CEF211B61CE5EA9A004049EE /* Release */ = {
			isa = XCBuildConfiguration;
			buildSettings = {
				ASSETCATALOG_COMPILER_APPICON_NAME = AppIcon;
				INFOPLIST_FILE = Quiz/Info.plist;
				LD_RUNPATH_SEARCH_PATHS = "$(inherited) @executable_path/Frameworks";
				PRODUCT_BUNDLE_IDENTIFIER = com.litech.Quiz;
				PRODUCT_NAME = "$(TARGET_NAME)";
			};
			name = Release;
		};
		CEF211B81CE5EA9A004049EE /* Debug */ = {
			isa = XCBuildConfiguration;
			buildSettings = {
				BUNDLE_LOADER = "$(TEST_HOST)";
				INFOPLIST_FILE = QuizTests/Info.plist;
				LD_RUNPATH_SEARCH_PATHS = "$(inherited) @executable_path/Frameworks @loader_path/Frameworks";
				PRODUCT_BUNDLE_IDENTIFIER = com.litech.QuizTests;
				PRODUCT_NAME = "$(TARGET_NAME)";
				TEST_HOST = "$(BUILT_PRODUCTS_DIR)/Quiz.app/Quiz";
			};
			name = Debug;
		};
		CEF211B91CE5EA9A004049EE /* Release */ = {
			isa = XCBuildConfiguration;
			buildSettings = {
				BUNDLE_LOADER = "$(TEST_HOST)";
				INFOPLIST_FILE = QuizTests/Info.plist;
				LD_RUNPATH_SEARCH_PATHS = "$(inherited) @executable_path/Frameworks @loader_path/Frameworks";
				PRODUCT_BUNDLE_IDENTIFIER = com.litech.QuizTests;
				PRODUCT_NAME = "$(TARGET_NAME)";
				TEST_HOST = "$(BUILT_PRODUCTS_DIR)/Quiz.app/Quiz";
			};
			name = Release;
		};
		CEF211BB1CE5EA9A004049EE /* Debug */ = {
			isa = XCBuildConfiguration;
			buildSettings = {
				INFOPLIST_FILE = QuizUITests/Info.plist;
				LD_RUNPATH_SEARCH_PATHS = "$(inherited) @executable_path/Frameworks @loader_path/Frameworks";
				PRODUCT_BUNDLE_IDENTIFIER = com.litech.QuizUITests;
				PRODUCT_NAME = "$(TARGET_NAME)";
				TEST_TARGET_NAME = Quiz;
				USES_XCTRUNNER = YES;
			};
			name = Debug;
		};
		CEF211BC1CE5EA9A004049EE /* Release */ = {
			isa = XCBuildConfiguration;
			buildSettings = {
				INFOPLIST_FILE = QuizUITests/Info.plist;
				LD_RUNPATH_SEARCH_PATHS = "$(inherited) @executable_path/Frameworks @loader_path/Frameworks";
				PRODUCT_BUNDLE_IDENTIFIER = com.litech.QuizUITests;
				PRODUCT_NAME = "$(TARGET_NAME)";
				TEST_TARGET_NAME = Quiz;
				USES_XCTRUNNER = YES;
			};
			name = Release;
		};
/* End XCBuildConfiguration section */

/* Begin XCConfigurationList section */
		CEF211871CE5EA9A004049EE /* Build configuration list for PBXProject "Quiz" */ = {
			isa = XCConfigurationList;
			buildConfigurations = (
				CEF211B21CE5EA9A004049EE /* Debug */,
				CEF211B31CE5EA9A004049EE /* Release */,
			);
			defaultConfigurationIsVisible = 0;
			defaultConfigurationName = Release;
		};
		CEF211B41CE5EA9A004049EE /* Build configuration list for PBXNativeTarget "Quiz" */ = {
			isa = XCConfigurationList;
			buildConfigurations = (
				CEF211B51CE5EA9A004049EE /* Debug */,
				CEF211B61CE5EA9A004049EE /* Release */,
			);
			defaultConfigurationIsVisible = 0;
			defaultConfigurationName = Release;
		};
		CEF211B71CE5EA9A004049EE /* Build configuration list for PBXNativeTarget "QuizTests" */ = {
			isa = XCConfigurationList;
			buildConfigurations = (
				CEF211B81CE5EA9A004049EE /* Debug */,
				CEF211B91CE5EA9A004049EE /* Release */,
			);
			defaultConfigurationIsVisible = 0;
			defaultConfigurationName = Release;
		};
		CEF211BA1CE5EA9A004049EE /* Build configuration list for PBXNativeTarget "QuizUITests" */ = {
			isa = XCConfigurationList;
			buildConfigurations = (
				CEF211BB1CE5EA9A004049EE /* Debug */,
				CEF211BC1CE5EA9A004049EE /* Release */,
			);
			defaultConfigurationIsVisible = 0;
			defaultConfigurationName = Release;
		};
/* End XCConfigurationList section */
	};
	rootObject = CEF211841CE5EA9A004049EE /* Project object */;
}
